
Microsoft Visual Studio Solution File, Format Version 12.00
# Visual Studio 15
VisualStudioVersion = 15.0.28010.0
MinimumVisualStudioVersion = 10.0.40219.1
Project("{FAE04EC0-301F-11D3-BF4B-00C04F79EFBC}") = "4936U_XmlCheck", "4936U_XmlCheck\4936U_XmlCheck.csproj", "{F2A4ABE1-294B-4EF4-BF21-C4E4D523272C}"
EndProject
Global
	GlobalSection(SolutionConfigurationPlatforms) = preSolution
		Debug|Any CPU = Debug|Any CPU
		Release|Any CPU = Release|Any CPU
	EndGlobalSection
	GlobalSection(ProjectConfigurationPlatforms) = postSolution
		{F2A4ABE1-294B-4EF4-BF21-C4E4D523272C}.Debug|Any CPU.ActiveCfg = Debug|Any CPU
		{F2A4ABE1-294B-4EF4-BF21-C4E4D523272C}.Debug|Any CPU.Build.0 = Debug|Any CPU
		{F2A4ABE1-294B-4EF4-BF21-C4E4D523272C}.Release|Any CPU.ActiveCfg = Release|Any CPU
		{F2A4ABE1-294B-4EF4-BF21-C4E4D523272C}.Release|Any CPU.Build.0 = Release|Any CPU
	EndGlobalSection
	GlobalSection(SolutionProperties) = preSolution
		HideSolutionNode = FALSE
	EndGlobalSection
	GlobalSection(ExtensibilityGlobals) = postSolution
		SolutionGuid = {D030B783-7E73-4F6E-BDDE-6F1061E8A5D4}
	EndGlobalSection
EndGlobal
